// !$*UTF8*$!
{
	archiveVersion = 1;
	classes = {
	};
	objectVersion = 56;
	objects = {

/* Begin PBXBuildFile section */
		A0AF9B6B2950C03500536352 /* AppDelegate.swift in Sources */ = {isa = PBXBuildFile; fileRef = A0AF9B6A2950C03500536352 /* AppDelegate.swift */; };
		A0AF9B6D2950C03500536352 /* SceneDelegate.swift in Sources */ = {isa = PBXBuildFile; fileRef = A0AF9B6C2950C03500536352 /* SceneDelegate.swift */; };
		A0AF9B6F2950C03500536352 /* ViewController.swift in Sources */ = {isa = PBXBuildFile; fileRef = A0AF9B6E2950C03500536352 /* ViewController.swift */; };
		A0AF9B722950C03500536352 /* Main.storyboard in Resources */ = {isa = PBXBuildFile; fileRef = A0AF9B702950C03500536352 /* Main.storyboard */; };
		A0AF9B752950C03500536352 /* Subway_App.xcdatamodeld in Sources */ = {isa = PBXBuildFile; fileRef = A0AF9B732950C03500536352 /* Subway_App.xcdatamodeld */; };
		A0AF9B772950C03600536352 /* Assets.xcassets in Resources */ = {isa = PBXBuildFile; fileRef = A0AF9B762950C03600536352 /* Assets.xcassets */; };
		A0AF9B7A2950C03600536352 /* LaunchScreen.storyboard in Resources */ = {isa = PBXBuildFile; fileRef = A0AF9B782950C03600536352 /* LaunchScreen.storyboard */; };
		A0AF9B852950C03600536352 /* Subway_AppTests.swift in Sources */ = {isa = PBXBuildFile; fileRef = A0AF9B842950C03600536352 /* Subway_AppTests.swift */; };
		A0AF9B8F2950C03600536352 /* Subway_AppUITests.swift in Sources */ = {isa = PBXBuildFile; fileRef = A0AF9B8E2950C03600536352 /* Subway_AppUITests.swift */; };
		A0AF9B912950C03600536352 /* Subway_AppUITestsLaunchTests.swift in Sources */ = {isa = PBXBuildFile; fileRef = A0AF9B902950C03600536352 /* Subway_AppUITestsLaunchTests.swift */; };
		A0AF9B9E2950CEE300536352 /* Networking.swift in Sources */ = {isa = PBXBuildFile; fileRef = A0AF9B9D2950CEE300536352 /* Networking.swift */; };
		A0AF9BA1295CAF6E00536352 /* NearestStationView.swift in Sources */ = {isa = PBXBuildFile; fileRef = A0AF9BA0295CAF6E00536352 /* NearestStationView.swift */; };
		A0AF9BA3295CAFB900536352 /* CalculateRouteView.swift in Sources */ = {isa = PBXBuildFile; fileRef = A0AF9BA2295CAFB900536352 /* CalculateRouteView.swift */; };
		A0AF9BA5295CAFDE00536352 /* ShowSubwayMapView.swift in Sources */ = {isa = PBXBuildFile; fileRef = A0AF9BA4295CAFDE00536352 /* ShowSubwayMapView.swift */; };
		A0AF9BA7295CAFED00536352 /* DisplayDataView.swift in Sources */ = {isa = PBXBuildFile; fileRef = A0AF9BA6295CAFED00536352 /* DisplayDataView.swift */; };
		A0AF9BA9295CB08000536352 /* RouteView.swift in Sources */ = {isa = PBXBuildFile; fileRef = A0AF9BA8295CB08000536352 /* RouteView.swift */; };
		A0AF9BAC2965E9B500536352 /* Realm in Frameworks */ = {isa = PBXBuildFile; productRef = A0AF9BAB2965E9B500536352 /* Realm */; };
		A0AF9BAE2965E9B500536352 /* RealmSwift in Frameworks */ = {isa = PBXBuildFile; productRef = A0AF9BAD2965E9B500536352 /* RealmSwift */; };
		A0AF9BB22965F2AD00536352 /* SubwayLine.swift in Sources */ = {isa = PBXBuildFile; fileRef = A0AF9BB12965F2AD00536352 /* SubwayLine.swift */; };
		A0AF9BB42965F2CA00536352 /* SubwayStation.swift in Sources */ = {isa = PBXBuildFile; fileRef = A0AF9BB32965F2CA00536352 /* SubwayStation.swift */; };
		A0AF9BB62967441700536352 /* StationTable.swift in Sources */ = {isa = PBXBuildFile; fileRef = A0AF9BB52967441700536352 /* StationTable.swift */; };
		A0AF9BB82967442D00536352 /* SubwayLineTable.swift in Sources */ = {isa = PBXBuildFile; fileRef = A0AF9BB72967442D00536352 /* SubwayLineTable.swift */; };
		A0AF9BBA2967444600536352 /* CordinatesTabel.swift in Sources */ = {isa = PBXBuildFile; fileRef = A0AF9BB92967444600536352 /* CordinatesTabel.swift */; };
		A0F4BAE229674C7B006E4563 /* DataBaseControll.swift in Sources */ = {isa = PBXBuildFile; fileRef = A0F4BAE129674C7B006E4563 /* DataBaseControll.swift */; };
/* End PBXBuildFile section */

/* Begin PBXContainerItemProxy section */
		A0AF9B812950C03600536352 /* PBXContainerItemProxy */ = {
			isa = PBXContainerItemProxy;
			containerPortal = A0AF9B5F2950C03500536352 /* Project object */;
			proxyType = 1;
			remoteGlobalIDString = A0AF9B662950C03500536352;
			remoteInfo = "Subway App";
		};
		A0AF9B8B2950C03600536352 /* PBXContainerItemProxy */ = {
			isa = PBXContainerItemProxy;
			containerPortal = A0AF9B5F2950C03500536352 /* Project object */;
			proxyType = 1;
			remoteGlobalIDString = A0AF9B662950C03500536352;
			remoteInfo = "Subway App";
		};
/* End PBXContainerItemProxy section */

/* Begin PBXFileReference section */
		A0AF9B672950C03500536352 /* Subway App.app */ = {isa = PBXFileReference; explicitFileType = wrapper.application; includeInIndex = 0; path = "Subway App.app"; sourceTree = BUILT_PRODUCTS_DIR; };
		A0AF9B6A2950C03500536352 /* AppDelegate.swift */ = {isa = PBXFileReference; lastKnownFileType = sourcecode.swift; path = AppDelegate.swift; sourceTree = "<group>"; };
		A0AF9B6C2950C03500536352 /* SceneDelegate.swift */ = {isa = PBXFileReference; lastKnownFileType = sourcecode.swift; path = SceneDelegate.swift; sourceTree = "<group>"; };
		A0AF9B6E2950C03500536352 /* ViewController.swift */ = {isa = PBXFileReference; lastKnownFileType = sourcecode.swift; path = ViewController.swift; sourceTree = "<group>"; };
		A0AF9B712950C03500536352 /* Base */ = {isa = PBXFileReference; lastKnownFileType = file.storyboard; name = Base; path = Base.lproj/Main.storyboard; sourceTree = "<group>"; };
		A0AF9B742950C03500536352 /* Subway_App.xcdatamodel */ = {isa = PBXFileReference; lastKnownFileType = wrapper.xcdatamodel; path = Subway_App.xcdatamodel; sourceTree = "<group>"; };
		A0AF9B762950C03600536352 /* Assets.xcassets */ = {isa = PBXFileReference; lastKnownFileType = folder.assetcatalog; path = Assets.xcassets; sourceTree = "<group>"; };
		A0AF9B792950C03600536352 /* Base */ = {isa = PBXFileReference; lastKnownFileType = file.storyboard; name = Base; path = Base.lproj/LaunchScreen.storyboard; sourceTree = "<group>"; };
		A0AF9B7B2950C03600536352 /* Info.plist */ = {isa = PBXFileReference; lastKnownFileType = text.plist.xml; path = Info.plist; sourceTree = "<group>"; };
		A0AF9B802950C03600536352 /* Subway AppTests.xctest */ = {isa = PBXFileReference; explicitFileType = wrapper.cfbundle; includeInIndex = 0; path = "Subway AppTests.xctest"; sourceTree = BUILT_PRODUCTS_DIR; };
		A0AF9B842950C03600536352 /* Subway_AppTests.swift */ = {isa = PBXFileReference; lastKnownFileType = sourcecode.swift; path = Subway_AppTests.swift; sourceTree = "<group>"; };
		A0AF9B8A2950C03600536352 /* Subway AppUITests.xctest */ = {isa = PBXFileReference; explicitFileType = wrapper.cfbundle; includeInIndex = 0; path = "Subway AppUITests.xctest"; sourceTree = BUILT_PRODUCTS_DIR; };
		A0AF9B8E2950C03600536352 /* Subway_AppUITests.swift */ = {isa = PBXFileReference; lastKnownFileType = sourcecode.swift; path = Subway_AppUITests.swift; sourceTree = "<group>"; };
		A0AF9B902950C03600536352 /* Subway_AppUITestsLaunchTests.swift */ = {isa = PBXFileReference; lastKnownFileType = sourcecode.swift; path = Subway_AppUITestsLaunchTests.swift; sourceTree = "<group>"; };
		A0AF9B9D2950CEE300536352 /* Networking.swift */ = {isa = PBXFileReference; lastKnownFileType = sourcecode.swift; path = Networking.swift; sourceTree = "<group>"; };
		A0AF9BA0295CAF6E00536352 /* NearestStationView.swift */ = {isa = PBXFileReference; lastKnownFileType = sourcecode.swift; path = NearestStationView.swift; sourceTree = "<group>"; };
		A0AF9BA2295CAFB900536352 /* CalculateRouteView.swift */ = {isa = PBXFileReference; lastKnownFileType = sourcecode.swift; path = CalculateRouteView.swift; sourceTree = "<group>"; };
		A0AF9BA4295CAFDE00536352 /* ShowSubwayMapView.swift */ = {isa = PBXFileReference; lastKnownFileType = sourcecode.swift; path = ShowSubwayMapView.swift; sourceTree = "<group>"; };
		A0AF9BA6295CAFED00536352 /* DisplayDataView.swift */ = {isa = PBXFileReference; lastKnownFileType = sourcecode.swift; path = DisplayDataView.swift; sourceTree = "<group>"; };
		A0AF9BA8295CB08000536352 /* RouteView.swift */ = {isa = PBXFileReference; lastKnownFileType = sourcecode.swift; path = RouteView.swift; sourceTree = "<group>"; };
		A0AF9BB12965F2AD00536352 /* SubwayLine.swift */ = {isa = PBXFileReference; lastKnownFileType = sourcecode.swift; path = SubwayLine.swift; sourceTree = "<group>"; };
		A0AF9BB32965F2CA00536352 /* SubwayStation.swift */ = {isa = PBXFileReference; lastKnownFileType = sourcecode.swift; path = SubwayStation.swift; sourceTree = "<group>"; };
		A0AF9BB52967441700536352 /* StationTable.swift */ = {isa = PBXFileReference; lastKnownFileType = sourcecode.swift; path = StationTable.swift; sourceTree = "<group>"; };
		A0AF9BB72967442D00536352 /* SubwayLineTable.swift */ = {isa = PBXFileReference; lastKnownFileType = sourcecode.swift; path = SubwayLineTable.swift; sourceTree = "<group>"; };
		A0AF9BB92967444600536352 /* CordinatesTabel.swift */ = {isa = PBXFileReference; lastKnownFileType = sourcecode.swift; path = CordinatesTabel.swift; sourceTree = "<group>"; };
		A0F4BAE129674C7B006E4563 /* DataBaseControll.swift */ = {isa = PBXFileReference; lastKnownFileType = sourcecode.swift; path = DataBaseControll.swift; sourceTree = "<group>"; };
/* End PBXFileReference section */

/* Begin PBXFrameworksBuildPhase section */
		A0AF9B642950C03500536352 /* Frameworks */ = {
			isa = PBXFrameworksBuildPhase;
			buildActionMask = 2147483647;
			files = (
				A0AF9BAE2965E9B500536352 /* RealmSwift in Frameworks */,
				A0AF9BAC2965E9B500536352 /* Realm in Frameworks */,
			);
			runOnlyForDeploymentPostprocessing = 0;
		};
		A0AF9B7D2950C03600536352 /* Frameworks */ = {
			isa = PBXFrameworksBuildPhase;
			buildActionMask = 2147483647;
			files = (
			);
			runOnlyForDeploymentPostprocessing = 0;
		};
		A0AF9B872950C03600536352 /* Frameworks */ = {
			isa = PBXFrameworksBuildPhase;
			buildActionMask = 2147483647;
			files = (
			);
			runOnlyForDeploymentPostprocessing = 0;
		};
/* End PBXFrameworksBuildPhase section */

/* Begin PBXGroup section */
		A0AF9B5E2950C03500536352 = {
			isa = PBXGroup;
			children = (
				A0AF9B692950C03500536352 /* Subway App */,
				A0AF9B832950C03600536352 /* Subway AppTests */,
				A0AF9B8D2950C03600536352 /* Subway AppUITests */,
				A0AF9B682950C03500536352 /* Products */,
			);
			sourceTree = "<group>";
		};
		A0AF9B682950C03500536352 /* Products */ = {
			isa = PBXGroup;
			children = (
				A0AF9B672950C03500536352 /* Subway App.app */,
				A0AF9B802950C03600536352 /* Subway AppTests.xctest */,
				A0AF9B8A2950C03600536352 /* Subway AppUITests.xctest */,
			);
			name = Products;
			sourceTree = "<group>";
		};
		A0AF9B692950C03500536352 /* Subway App */ = {
			isa = PBXGroup;
			children = (
				A0AF9BB02965F27400536352 /* Data Base */,
				A0AF9BAF2965F24F00536352 /* Networking */,
				A0AF9B9F295CAF4300536352 /* ViewControllers */,
				A0AF9B6A2950C03500536352 /* AppDelegate.swift */,
				A0AF9B6C2950C03500536352 /* SceneDelegate.swift */,
				A0AF9B6E2950C03500536352 /* ViewController.swift */,
				A0AF9B702950C03500536352 /* Main.storyboard */,
				A0AF9B762950C03600536352 /* Assets.xcassets */,
				A0AF9B782950C03600536352 /* LaunchScreen.storyboard */,
				A0AF9B7B2950C03600536352 /* Info.plist */,
				A0AF9B732950C03500536352 /* Subway_App.xcdatamodeld */,
			);
			path = "Subway App";
			sourceTree = "<group>";
		};
		A0AF9B832950C03600536352 /* Subway AppTests */ = {
			isa = PBXGroup;
			children = (
				A0AF9B842950C03600536352 /* Subway_AppTests.swift */,
			);
			path = "Subway AppTests";
			sourceTree = "<group>";
		};
		A0AF9B8D2950C03600536352 /* Subway AppUITests */ = {
			isa = PBXGroup;
			children = (
				A0AF9B8E2950C03600536352 /* Subway_AppUITests.swift */,
				A0AF9B902950C03600536352 /* Subway_AppUITestsLaunchTests.swift */,
			);
			path = "Subway AppUITests";
			sourceTree = "<group>";
		};
		A0AF9B9F295CAF4300536352 /* ViewControllers */ = {
			isa = PBXGroup;
			children = (
				A0AF9BA0295CAF6E00536352 /* NearestStationView.swift */,
				A0AF9BA2295CAFB900536352 /* CalculateRouteView.swift */,
				A0AF9BA4295CAFDE00536352 /* ShowSubwayMapView.swift */,
				A0AF9BA6295CAFED00536352 /* DisplayDataView.swift */,
				A0AF9BA8295CB08000536352 /* RouteView.swift */,
			);
			path = ViewControllers;
			sourceTree = "<group>";
		};
		A0AF9BAF2965F24F00536352 /* Networking */ = {
			isa = PBXGroup;
			children = (
				A0AF9B9D2950CEE300536352 /* Networking.swift */,
				A0AF9BB12965F2AD00536352 /* SubwayLine.swift */,
				A0AF9BB32965F2CA00536352 /* SubwayStation.swift */,
			);
			path = Networking;
			sourceTree = "<group>";
		};
		A0AF9BB02965F27400536352 /* Data Base */ = {
			isa = PBXGroup;
			children = (
				A0AF9BB52967441700536352 /* StationTable.swift */,
				A0AF9BB72967442D00536352 /* SubwayLineTable.swift */,
				A0AF9BB92967444600536352 /* CordinatesTabel.swift */,
				A0F4BAE129674C7B006E4563 /* DataBaseControll.swift */,
			);
			path = "Data Base";
			sourceTree = "<group>";
		};
/* End PBXGroup section */

/* Begin PBXNativeTarget section */
		A0AF9B662950C03500536352 /* Subway App */ = {
			isa = PBXNativeTarget;
			buildConfigurationList = A0AF9B942950C03600536352 /* Build configuration list for PBXNativeTarget "Subway App" */;
			buildPhases = (
				A0AF9B632950C03500536352 /* Sources */,
				A0AF9B642950C03500536352 /* Frameworks */,
				A0AF9B652950C03500536352 /* Resources */,
			);
			buildRules = (
			);
			dependencies = (
			);
			name = "Subway App";
			packageProductDependencies = (
				A0AF9BAB2965E9B500536352 /* Realm */,
				A0AF9BAD2965E9B500536352 /* RealmSwift */,
			);
			productName = "Subway App";
			productReference = A0AF9B672950C03500536352 /* Subway App.app */;
			productType = "com.apple.product-type.application";
		};
		A0AF9B7F2950C03600536352 /* Subway AppTests */ = {
			isa = PBXNativeTarget;
			buildConfigurationList = A0AF9B972950C03600536352 /* Build configuration list for PBXNativeTarget "Subway AppTests" */;
			buildPhases = (
				A0AF9B7C2950C03600536352 /* Sources */,
				A0AF9B7D2950C03600536352 /* Frameworks */,
				A0AF9B7E2950C03600536352 /* Resources */,
			);
			buildRules = (
			);
			dependencies = (
				A0AF9B822950C03600536352 /* PBXTargetDependency */,
			);
			name = "Subway AppTests";
			productName = "Subway AppTests";
			productReference = A0AF9B802950C03600536352 /* Subway AppTests.xctest */;
			productType = "com.apple.product-type.bundle.unit-test";
		};
		A0AF9B892950C03600536352 /* Subway AppUITests */ = {
			isa = PBXNativeTarget;
			buildConfigurationList = A0AF9B9A2950C03600536352 /* Build configuration list for PBXNativeTarget "Subway AppUITests" */;
			buildPhases = (
				A0AF9B862950C03600536352 /* Sources */,
				A0AF9B872950C03600536352 /* Frameworks */,
				A0AF9B882950C03600536352 /* Resources */,
			);
			buildRules = (
			);
			dependencies = (
				A0AF9B8C2950C03600536352 /* PBXTargetDependency */,
			);
			name = "Subway AppUITests";
			productName = "Subway AppUITests";
			productReference = A0AF9B8A2950C03600536352 /* Subway AppUITests.xctest */;
			productType = "com.apple.product-type.bundle.ui-testing";
		};
/* End PBXNativeTarget section */

/* Begin PBXProject section */
		A0AF9B5F2950C03500536352 /* Project object */ = {
			isa = PBXProject;
			attributes = {
				BuildIndependentTargetsInParallel = 1;
				LastSwiftUpdateCheck = 1400;
				LastUpgradeCheck = 1400;
				TargetAttributes = {
					A0AF9B662950C03500536352 = {
						CreatedOnToolsVersion = 14.0;
					};
					A0AF9B7F2950C03600536352 = {
						CreatedOnToolsVersion = 14.0;
						TestTargetID = A0AF9B662950C03500536352;
					};
					A0AF9B892950C03600536352 = {
						CreatedOnToolsVersion = 14.0;
						TestTargetID = A0AF9B662950C03500536352;
					};
				};
			};
			buildConfigurationList = A0AF9B622950C03500536352 /* Build configuration list for PBXProject "Subway App" */;
			compatibilityVersion = "Xcode 14.0";
			developmentRegion = en;
			hasScannedForEncodings = 0;
			knownRegions = (
				en,
				Base,
			);
			mainGroup = A0AF9B5E2950C03500536352;
			packageReferences = (
				A0AF9BAA2965E9B500536352 /* XCRemoteSwiftPackageReference "realm-swift" */,
			);
			productRefGroup = A0AF9B682950C03500536352 /* Products */;
			projectDirPath = "";
			projectRoot = "";
			targets = (
				A0AF9B662950C03500536352 /* Subway App */,
				A0AF9B7F2950C03600536352 /* Subway AppTests */,
				A0AF9B892950C03600536352 /* Subway AppUITests */,
			);
		};
/* End PBXProject section */

/* Begin PBXResourcesBuildPhase section */
		A0AF9B652950C03500536352 /* Resources */ = {
			isa = PBXResourcesBuildPhase;
			buildActionMask = 2147483647;
			files = (
				A0AF9B7A2950C03600536352 /* LaunchScreen.storyboard in Resources */,
				A0AF9B772950C03600536352 /* Assets.xcassets in Resources */,
				A0AF9B722950C03500536352 /* Main.storyboard in Resources */,
			);
			runOnlyForDeploymentPostprocessing = 0;
		};
		A0AF9B7E2950C03600536352 /* Resources */ = {
			isa = PBXResourcesBuildPhase;
			buildActionMask = 2147483647;
			files = (
			);
			runOnlyForDeploymentPostprocessing = 0;
		};
		A0AF9B882950C03600536352 /* Resources */ = {
			isa = PBXResourcesBuildPhase;
			buildActionMask = 2147483647;
			files = (
			);
			runOnlyForDeploymentPostprocessing = 0;
		};
/* End PBXResourcesBuildPhase section */

/* Begin PBXSourcesBuildPhase section */
		A0AF9B632950C03500536352 /* Sources */ = {
			isa = PBXSourcesBuildPhase;
			buildActionMask = 2147483647;
			files = (
				A0AF9BB22965F2AD00536352 /* SubwayLine.swift in Sources */,
				A0AF9BB62967441700536352 /* StationTable.swift in Sources */,
				A0AF9BA5295CAFDE00536352 /* ShowSubwayMapView.swift in Sources */,
				A0F4BAE229674C7B006E4563 /* DataBaseControll.swift in Sources */,
				A0AF9BB82967442D00536352 /* SubwayLineTable.swift in Sources */,
				A0AF9BA7295CAFED00536352 /* DisplayDataView.swift in Sources */,
				A0AF9BA1295CAF6E00536352 /* NearestStationView.swift in Sources */,
				A0AF9BA3295CAFB900536352 /* CalculateRouteView.swift in Sources */,
				A0AF9B6F2950C03500536352 /* ViewController.swift in Sources */,
				A0AF9B9E2950CEE300536352 /* Networking.swift in Sources */,
				A0AF9BB42965F2CA00536352 /* SubwayStation.swift in Sources */,
				A0AF9BBA2967444600536352 /* CordinatesTabel.swift in Sources */,
				A0AF9BA9295CB08000536352 /* RouteView.swift in Sources */,
				A0AF9B6B2950C03500536352 /* AppDelegate.swift in Sources */,
				A0AF9B752950C03500536352 /* Subway_App.xcdatamodeld in Sources */,
				A0AF9B6D2950C03500536352 /* SceneDelegate.swift in Sources */,
			);
			runOnlyForDeploymentPostprocessing = 0;
		};
		A0AF9B7C2950C03600536352 /* Sources */ = {
			isa = PBXSourcesBuildPhase;
			buildActionMask = 2147483647;
			files = (
				A0AF9B852950C03600536352 /* Subway_AppTests.swift in Sources */,
			);
			runOnlyForDeploymentPostprocessing = 0;
		};
		A0AF9B862950C03600536352 /* Sources */ = {
			isa = PBXSourcesBuildPhase;
			buildActionMask = 2147483647;
			files = (
				A0AF9B8F2950C03600536352 /* Subway_AppUITests.swift in Sources */,
				A0AF9B912950C03600536352 /* Subway_AppUITestsLaunchTests.swift in Sources */,
			);
			runOnlyForDeploymentPostprocessing = 0;
		};
/* End PBXSourcesBuildPhase section */

/* Begin PBXTargetDependency section */
		A0AF9B822950C03600536352 /* PBXTargetDependency */ = {
			isa = PBXTargetDependency;
			target = A0AF9B662950C03500536352 /* Subway App */;
			targetProxy = A0AF9B812950C03600536352 /* PBXContainerItemProxy */;
		};
		A0AF9B8C2950C03600536352 /* PBXTargetDependency */ = {
			isa = PBXTargetDependency;
			target = A0AF9B662950C03500536352 /* Subway App */;
			targetProxy = A0AF9B8B2950C03600536352 /* PBXContainerItemProxy */;
		};
/* End PBXTargetDependency section */

/* Begin PBXVariantGroup section */
		A0AF9B702950C03500536352 /* Main.storyboard */ = {
			isa = PBXVariantGroup;
			children = (
				A0AF9B712950C03500536352 /* Base */,
			);
			name = Main.storyboard;
			sourceTree = "<group>";
		};
		A0AF9B782950C03600536352 /* LaunchScreen.storyboard */ = {
			isa = PBXVariantGroup;
			children = (
				A0AF9B792950C03600536352 /* Base */,
			);
			name = LaunchScreen.storyboard;
			sourceTree = "<group>";
		};
/* End PBXVariantGroup section */

/* Begin XCBuildConfiguration section */
		A0AF9B922950C03600536352 /* Debug */ = {
			isa = XCBuildConfiguration;
			buildSettings = {
				ALWAYS_SEARCH_USER_PATHS = NO;
				CLANG_ANALYZER_NONNULL = YES;
				CLANG_ANALYZER_NUMBER_OBJECT_CONVERSION = YES_AGGRESSIVE;
				CLANG_CXX_LANGUAGE_STANDARD = "gnu++20";
				CLANG_ENABLE_MODULES = YES;
				CLANG_ENABLE_OBJC_ARC = YES;
				CLANG_ENABLE_OBJC_WEAK = YES;
				CLANG_WARN_BLOCK_CAPTURE_AUTORELEASING = YES;
				CLANG_WARN_BOOL_CONVERSION = YES;
				CLANG_WARN_COMMA = YES;
				CLANG_WARN_CONSTANT_CONVERSION = YES;
				CLANG_WARN_DEPRECATED_OBJC_IMPLEMENTATIONS = YES;
				CLANG_WARN_DIRECT_OBJC_ISA_USAGE = YES_ERROR;
				CLANG_WARN_DOCUMENTATION_COMMENTS = YES;
				CLANG_WARN_EMPTY_BODY = YES;
				CLANG_WARN_ENUM_CONVERSION = YES;
				CLANG_WARN_INFINITE_RECURSION = YES;
				CLANG_WARN_INT_CONVERSION = YES;
				CLANG_WARN_NON_LITERAL_NULL_CONVERSION = YES;
				CLANG_WARN_OBJC_IMPLICIT_RETAIN_SELF = YES;
				CLANG_WARN_OBJC_LITERAL_CONVERSION = YES;
				CLANG_WARN_OBJC_ROOT_CLASS = YES_ERROR;
				CLANG_WARN_QUOTED_INCLUDE_IN_FRAMEWORK_HEADER = YES;
				CLANG_WARN_RANGE_LOOP_ANALYSIS = YES;
				CLANG_WARN_STRICT_PROTOTYPES = YES;
				CLANG_WARN_SUSPICIOUS_MOVE = YES;
				CLANG_WARN_UNGUARDED_AVAILABILITY = YES_AGGRESSIVE;
				CLANG_WARN_UNREACHABLE_CODE = YES;
				CLANG_WARN__DUPLICATE_METHOD_MATCH = YES;
				COPY_PHASE_STRIP = NO;
				DEBUG_INFORMATION_FORMAT = dwarf;
				ENABLE_STRICT_OBJC_MSGSEND = YES;
				ENABLE_TESTABILITY = YES;
				GCC_C_LANGUAGE_STANDARD = gnu11;
				GCC_DYNAMIC_NO_PIC = NO;
				GCC_NO_COMMON_BLOCKS = YES;
				GCC_OPTIMIZATION_LEVEL = 0;
				GCC_PREPROCESSOR_DEFINITIONS = (
					"DEBUG=1",
					"$(inherited)",
				);
				GCC_WARN_64_TO_32_BIT_CONVERSION = YES;
				GCC_WARN_ABOUT_RETURN_TYPE = YES_ERROR;
				GCC_WARN_UNDECLARED_SELECTOR = YES;
				GCC_WARN_UNINITIALIZED_AUTOS = YES_AGGRESSIVE;
				GCC_WARN_UNUSED_FUNCTION = YES;
				GCC_WARN_UNUSED_VARIABLE = YES;
				IPHONEOS_DEPLOYMENT_TARGET = 16.0;
				MTL_ENABLE_DEBUG_INFO = INCLUDE_SOURCE;
				MTL_FAST_MATH = YES;
				ONLY_ACTIVE_ARCH = YES;
				SDKROOT = iphoneos;
				SWIFT_ACTIVE_COMPILATION_CONDITIONS = DEBUG;
				SWIFT_OPTIMIZATION_LEVEL = "-Onone";
			};
			name = Debug;
		};
		A0AF9B932950C03600536352 /* Release */ = {
			isa = XCBuildConfiguration;
			buildSettings = {
				ALWAYS_SEARCH_USER_PATHS = NO;
				CLANG_ANALYZER_NONNULL = YES;
				CLANG_ANALYZER_NUMBER_OBJECT_CONVERSION = YES_AGGRESSIVE;
				CLANG_CXX_LANGUAGE_STANDARD = "gnu++20";
				CLANG_ENABLE_MODULES = YES;
				CLANG_ENABLE_OBJC_ARC = YES;
				CLANG_ENABLE_OBJC_WEAK = YES;
				CLANG_WARN_BLOCK_CAPTURE_AUTORELEASING = YES;
				CLANG_WARN_BOOL_CONVERSION = YES;
				CLANG_WARN_COMMA = YES;
				CLANG_WARN_CONSTANT_CONVERSION = YES;
				CLANG_WARN_DEPRECATED_OBJC_IMPLEMENTATIONS = YES;
				CLANG_WARN_DIRECT_OBJC_ISA_USAGE = YES_ERROR;
				CLANG_WARN_DOCUMENTATION_COMMENTS = YES;
				CLANG_WARN_EMPTY_BODY = YES;
				CLANG_WARN_ENUM_CONVERSION = YES;
				CLANG_WARN_INFINITE_RECURSION = YES;
				CLANG_WARN_INT_CONVERSION = YES;
				CLANG_WARN_NON_LITERAL_NULL_CONVERSION = YES;
				CLANG_WARN_OBJC_IMPLICIT_RETAIN_SELF = YES;
				CLANG_WARN_OBJC_LITERAL_CONVERSION = YES;
				CLANG_WARN_OBJC_ROOT_CLASS = YES_ERROR;
				CLANG_WARN_QUOTED_INCLUDE_IN_FRAMEWORK_HEADER = YES;
				CLANG_WARN_RANGE_LOOP_ANALYSIS = YES;
				CLANG_WARN_STRICT_PROTOTYPES = YES;
				CLANG_WARN_SUSPICIOUS_MOVE = YES;
				CLANG_WARN_UNGUARDED_AVAILABILITY = YES_AGGRESSIVE;
				CLANG_WARN_UNREACHABLE_CODE = YES;
				CLANG_WARN__DUPLICATE_METHOD_MATCH = YES;
				COPY_PHASE_STRIP = NO;
				DEBUG_INFORMATION_FORMAT = "dwarf-with-dsym";
				ENABLE_NS_ASSERTIONS = NO;
				ENABLE_STRICT_OBJC_MSGSEND = YES;
				GCC_C_LANGUAGE_STANDARD = gnu11;
				GCC_NO_COMMON_BLOCKS = YES;
				GCC_WARN_64_TO_32_BIT_CONVERSION = YES;
				GCC_WARN_ABOUT_RETURN_TYPE = YES_ERROR;
				GCC_WARN_UNDECLARED_SELECTOR = YES;
				GCC_WARN_UNINITIALIZED_AUTOS = YES_AGGRESSIVE;
				GCC_WARN_UNUSED_FUNCTION = YES;
				GCC_WARN_UNUSED_VARIABLE = YES;
				IPHONEOS_DEPLOYMENT_TARGET = 16.0;
				MTL_ENABLE_DEBUG_INFO = NO;
				MTL_FAST_MATH = YES;
				SDKROOT = iphoneos;
				SWIFT_COMPILATION_MODE = wholemodule;
				SWIFT_OPTIMIZATION_LEVEL = "-O";
				VALIDATE_PRODUCT = YES;
			};
			name = Release;
		};
		A0AF9B952950C03600536352 /* Debug */ = {
			isa = XCBuildConfiguration;
			buildSettings = {
				ASSETCATALOG_COMPILER_APPICON_NAME = AppIcon;
				ASSETCATALOG_COMPILER_GLOBAL_ACCENT_COLOR_NAME = AccentColor;
				CODE_SIGN_STYLE = Automatic;
				CURRENT_PROJECT_VERSION = 1;
				GENERATE_INFOPLIST_FILE = YES;
				INFOPLIST_FILE = "Subway App/Info.plist";
				INFOPLIST_KEY_UIApplicationSupportsIndirectInputEvents = YES;
				INFOPLIST_KEY_UILaunchStoryboardName = LaunchScreen;
				INFOPLIST_KEY_UIMainStoryboardFile = Main;
				INFOPLIST_KEY_UISupportedInterfaceOrientations_iPad = "UIInterfaceOrientationPortrait UIInterfaceOrientationPortraitUpsideDown UIInterfaceOrientationLandscapeLeft UIInterfaceOrientationLandscapeRight";
				INFOPLIST_KEY_UISupportedInterfaceOrientations_iPhone = "UIInterfaceOrientationPortrait UIInterfaceOrientationLandscapeLeft UIInterfaceOrientationLandscapeRight";
				LD_RUNPATH_SEARCH_PATHS = (
					"$(inherited)",
					"@executable_path/Frameworks",
				);
				MARKETING_VERSION = 1.0;
				PRODUCT_BUNDLE_IDENTIFIER = "madv.Subway-App";
				PRODUCT_NAME = "$(TARGET_NAME)";
				SWIFT_EMIT_LOC_STRINGS = YES;
				SWIFT_VERSION = 5.0;
				TARGETED_DEVICE_FAMILY = "1,2";
			};
			name = Debug;
		};
		A0AF9B962950C03600536352 /* Release */ = {
			isa = XCBuildConfiguration;
			buildSettings = {
				ASSETCATALOG_COMPILER_APPICON_NAME = AppIcon;
				ASSETCATALOG_COMPILER_GLOBAL_ACCENT_COLOR_NAME = AccentColor;
				CODE_SIGN_STYLE = Automatic;
				CURRENT_PROJECT_VERSION = 1;
				GENERATE_INFOPLIST_FILE = YES;
				INFOPLIST_FILE = "Subway App/Info.plist";
				INFOPLIST_KEY_UIApplicationSupportsIndirectInputEvents = YES;
				INFOPLIST_KEY_UILaunchStoryboardName = LaunchScreen;
				INFOPLIST_KEY_UIMainStoryboardFile = Main;
				INFOPLIST_KEY_UISupportedInterfaceOrientations_iPad = "UIInterfaceOrientationPortrait UIInterfaceOrientationPortraitUpsideDown UIInterfaceOrientationLandscapeLeft UIInterfaceOrientationLandscapeRight";
				INFOPLIST_KEY_UISupportedInterfaceOrientations_iPhone = "UIInterfaceOrientationPortrait UIInterfaceOrientationLandscapeLeft UIInterfaceOrientationLandscapeRight";
				LD_RUNPATH_SEARCH_PATHS = (
					"$(inherited)",
					"@executable_path/Frameworks",
				);
				MARKETING_VERSION = 1.0;
				PRODUCT_BUNDLE_IDENTIFIER = "madv.Subway-App";
				PRODUCT_NAME = "$(TARGET_NAME)";
				SWIFT_EMIT_LOC_STRINGS = YES;
				SWIFT_VERSION = 5.0;
				TARGETED_DEVICE_FAMILY = "1,2";
			};
			name = Release;
		};
		A0AF9B982950C03600536352 /* Debug */ = {
			isa = XCBuildConfiguration;
			buildSettings = {
				ALWAYS_EMBED_SWIFT_STANDARD_LIBRARIES = YES;
				BUNDLE_LOADER = "$(TEST_HOST)";
				CODE_SIGN_STYLE = Automatic;
				CURRENT_PROJECT_VERSION = 1;
				GENERATE_INFOPLIST_FILE = YES;
				IPHONEOS_DEPLOYMENT_TARGET = 16.0;
				MARKETING_VERSION = 1.0;
				PRODUCT_BUNDLE_IDENTIFIER = "madv.Subway-AppTests";
				PRODUCT_NAME = "$(TARGET_NAME)";
				SWIFT_EMIT_LOC_STRINGS = NO;
				SWIFT_VERSION = 5.0;
				TARGETED_DEVICE_FAMILY = "1,2";
				TEST_HOST = "$(BUILT_PRODUCTS_DIR)/Subway App.app/$(BUNDLE_EXECUTABLE_FOLDER_PATH)/Subway App";
			};
			name = Debug;
		};
		A0AF9B992950C03600536352 /* Release */ = {
			isa = XCBuildConfiguration;
			buildSettings = {
				ALWAYS_EMBED_SWIFT_STANDARD_LIBRARIES = YES;
				BUNDLE_LOADER = "$(TEST_HOST)";
				CODE_SIGN_STYLE = Automatic;
				CURRENT_PROJECT_VERSION = 1;
				GENERATE_INFOPLIST_FILE = YES;
				IPHONEOS_DEPLOYMENT_TARGET = 16.0;
				MARKETING_VERSION = 1.0;
				PRODUCT_BUNDLE_IDENTIFIER = "madv.Subway-AppTests";
				PRODUCT_NAME = "$(TARGET_NAME)";
				SWIFT_EMIT_LOC_STRINGS = NO;
				SWIFT_VERSION = 5.0;
				TARGETED_DEVICE_FAMILY = "1,2";
				TEST_HOST = "$(BUILT_PRODUCTS_DIR)/Subway App.app/$(BUNDLE_EXECUTABLE_FOLDER_PATH)/Subway App";
			};
			name = Release;
		};
		A0AF9B9B2950C03600536352 /* Debug */ = {
			isa = XCBuildConfiguration;
			buildSettings = {
				ALWAYS_EMBED_SWIFT_STANDARD_LIBRARIES = YES;
				CODE_SIGN_STYLE = Automatic;
				CURRENT_PROJECT_VERSION = 1;
				GENERATE_INFOPLIST_FILE = YES;
				MARKETING_VERSION = 1.0;
				PRODUCT_BUNDLE_IDENTIFIER = "madv.Subway-AppUITests";
				PRODUCT_NAME = "$(TARGET_NAME)";
				SWIFT_EMIT_LOC_STRINGS = NO;
				SWIFT_VERSION = 5.0;
				TARGETED_DEVICE_FAMILY = "1,2";
				TEST_TARGET_NAME = "Subway App";
			};
			name = Debug;
		};
		A0AF9B9C2950C03600536352 /* Release */ = {
			isa = XCBuildConfiguration;
			buildSettings = {
				ALWAYS_EMBED_SWIFT_STANDARD_LIBRARIES = YES;
				CODE_SIGN_STYLE = Automatic;
				CURRENT_PROJECT_VERSION = 1;
				GENERATE_INFOPLIST_FILE = YES;
				MARKETING_VERSION = 1.0;
				PRODUCT_BUNDLE_IDENTIFIER = "madv.Subway-AppUITests";
				PRODUCT_NAME = "$(TARGET_NAME)";
				SWIFT_EMIT_LOC_STRINGS = NO;
				SWIFT_VERSION = 5.0;
				TARGETED_DEVICE_FAMILY = "1,2";
				TEST_TARGET_NAME = "Subway App";
			};
			name = Release;
		};
/* End XCBuildConfiguration section */

/* Begin XCConfigurationList section */
		A0AF9B622950C03500536352 /* Build configuration list for PBXProject "Subway App" */ = {
			isa = XCConfigurationList;
			buildConfigurations = (
				A0AF9B922950C03600536352 /* Debug */,
				A0AF9B932950C03600536352 /* Release */,
			);
			defaultConfigurationIsVisible = 0;
			defaultConfigurationName = Release;
		};
		A0AF9B942950C03600536352 /* Build configuration list for PBXNativeTarget "Subway App" */ = {
			isa = XCConfigurationList;
			buildConfigurations = (
				A0AF9B952950C03600536352 /* Debug */,
				A0AF9B962950C03600536352 /* Release */,
			);
			defaultConfigurationIsVisible = 0;
			defaultConfigurationName = Release;
		};
		A0AF9B972950C03600536352 /* Build configuration list for PBXNativeTarget "Subway AppTests" */ = {
			isa = XCConfigurationList;
			buildConfigurations = (
				A0AF9B982950C03600536352 /* Debug */,
				A0AF9B992950C03600536352 /* Release */,
			);
			defaultConfigurationIsVisible = 0;
			defaultConfigurationName = Release;
		};
		A0AF9B9A2950C03600536352 /* Build configuration list for PBXNativeTarget "Subway AppUITests" */ = {
			isa = XCConfigurationList;
			buildConfigurations = (
				A0AF9B9B2950C03600536352 /* Debug */,
				A0AF9B9C2950C03600536352 /* Release */,
			);
			defaultConfigurationIsVisible = 0;
			defaultConfigurationName = Release;
		};
/* End XCConfigurationList section */

/* Begin XCRemoteSwiftPackageReference section */
		A0AF9BAA2965E9B500536352 /* XCRemoteSwiftPackageReference "realm-swift" */ = {
			isa = XCRemoteSwiftPackageReference;
			repositoryURL = "https://github.com/realm/realm-swift.git";
			requirement = {
				kind = upToNextMajorVersion;
				minimumVersion = 10.33.0;
			};
		};
/* End XCRemoteSwiftPackageReference section */

/* Begin XCSwiftPackageProductDependency section */
		A0AF9BAB2965E9B500536352 /* Realm */ = {
			isa = XCSwiftPackageProductDependency;
			package = A0AF9BAA2965E9B500536352 /* XCRemoteSwiftPackageReference "realm-swift" */;
			productName = Realm;
		};
		A0AF9BAD2965E9B500536352 /* RealmSwift */ = {
			isa = XCSwiftPackageProductDependency;
			package = A0AF9BAA2965E9B500536352 /* XCRemoteSwiftPackageReference "realm-swift" */;
			productName = RealmSwift;
		};
/* End XCSwiftPackageProductDependency section */

/* Begin XCVersionGroup section */
		A0AF9B732950C03500536352 /* Subway_App.xcdatamodeld */ = {
			isa = XCVersionGroup;
			children = (
				A0AF9B742950C03500536352 /* Subway_App.xcdatamodel */,
			);
			currentVersion = A0AF9B742950C03500536352 /* Subway_App.xcdatamodel */;
			path = Subway_App.xcdatamodeld;
			sourceTree = "<group>";
			versionGroupType = wrapper.xcdatamodel;
		};
/* End XCVersionGroup section */
	};
	rootObject = A0AF9B5F2950C03500536352 /* Project object */;
}
